
Microsoft Visual Studio Solution File, Format Version 12.00
# Visual Studio 15
VisualStudioVersion = 15.0.27004.2005
MinimumVisualStudioVersion = 10.0.40219.1
Project("{F2A71F9B-5D33-465A-A702-920D77279786}") = "PersistentTriangleCounting", "PersistentTriangleCounting\PersistentTriangleCounting.fsproj", "{4F7C1397-DADF-4500-A42D-B0E588172541}"
EndProject
Project("{FAE04EC0-301F-11D3-BF4B-00C04F79EFBC}") = "EphemeralTriangleCounting", "EphemeralTriangleCounting\EphemeralTriangleCounting.csproj", "{672A19CD-E1E4-4F83-8D77-9EA7557BD749}"
EndProject
Project("{FAE04EC0-301F-11D3-BF4B-00C04F79EFBC}") = "UnitTests", "UnitTests\UnitTests.csproj", "{79E65286-9362-4415-B0DB-B81E09666911}"
	ProjectSection(ProjectDependencies) = postProject
		{4F7C1397-DADF-4500-A42D-B0E588172541} = {4F7C1397-DADF-4500-A42D-B0E588172541}
		{672A19CD-E1E4-4F83-8D77-9EA7557BD749} = {672A19CD-E1E4-4F83-8D77-9EA7557BD749}
	EndProjectSection
EndProject
Project("{FAE04EC0-301F-11D3-BF4B-00C04F79EFBC}") = "TriangleCountingProblem", "TriangleCountingProblem\TriangleCountingProblem.csproj", "{5B351201-47BB-4ED4-A8E4-F0D0E8033FB0}"
EndProject
Project("{FAE04EC0-301F-11D3-BF4B-00C04F79EFBC}") = "CSharpUtils", "CSharpUtils\CSharpUtils.csproj", "{95BD01AA-B062-42BB-9689-2D33EB8C6281}"
EndProject
Project("{F2A71F9B-5D33-465A-A702-920D77279786}") = "FSharpUtils", "FSharpUtils\FSharpUtils.fsproj", "{12201E54-C95D-47A5-988E-539F6C0FF28B}"
EndProject
Global
	GlobalSection(SolutionConfigurationPlatforms) = preSolution
		Debug|Any CPU = Debug|Any CPU
		Release|Any CPU = Release|Any CPU
	EndGlobalSection
	GlobalSection(ProjectConfigurationPlatforms) = postSolution
		{4F7C1397-DADF-4500-A42D-B0E588172541}.Debug|Any CPU.ActiveCfg = Debug|Any CPU
		{4F7C1397-DADF-4500-A42D-B0E588172541}.Debug|Any CPU.Build.0 = Debug|Any CPU
		{4F7C1397-DADF-4500-A42D-B0E588172541}.Release|Any CPU.ActiveCfg = Release|Any CPU
		{4F7C1397-DADF-4500-A42D-B0E588172541}.Release|Any CPU.Build.0 = Release|Any CPU
		{672A19CD-E1E4-4F83-8D77-9EA7557BD749}.Debug|Any CPU.ActiveCfg = Debug|Any CPU
		{672A19CD-E1E4-4F83-8D77-9EA7557BD749}.Debug|Any CPU.Build.0 = Debug|Any CPU
		{672A19CD-E1E4-4F83-8D77-9EA7557BD749}.Release|Any CPU.ActiveCfg = Release|Any CPU
		{672A19CD-E1E4-4F83-8D77-9EA7557BD749}.Release|Any CPU.Build.0 = Release|Any CPU
		{79E65286-9362-4415-B0DB-B81E09666911}.Debug|Any CPU.ActiveCfg = Debug|Any CPU
		{79E65286-9362-4415-B0DB-B81E09666911}.Debug|Any CPU.Build.0 = Debug|Any CPU
		{79E65286-9362-4415-B0DB-B81E09666911}.Release|Any CPU.ActiveCfg = Release|Any CPU
		{79E65286-9362-4415-B0DB-B81E09666911}.Release|Any CPU.Build.0 = Release|Any CPU
		{5B351201-47BB-4ED4-A8E4-F0D0E8033FB0}.Debug|Any CPU.ActiveCfg = Debug|Any CPU
		{5B351201-47BB-4ED4-A8E4-F0D0E8033FB0}.Debug|Any CPU.Build.0 = Debug|Any CPU
		{5B351201-47BB-4ED4-A8E4-F0D0E8033FB0}.Release|Any CPU.ActiveCfg = Release|Any CPU
		{5B351201-47BB-4ED4-A8E4-F0D0E8033FB0}.Release|Any CPU.Build.0 = Release|Any CPU
		{95BD01AA-B062-42BB-9689-2D33EB8C6281}.Debug|Any CPU.ActiveCfg = Debug|Any CPU
		{95BD01AA-B062-42BB-9689-2D33EB8C6281}.Debug|Any CPU.Build.0 = Debug|Any CPU
		{95BD01AA-B062-42BB-9689-2D33EB8C6281}.Release|Any CPU.ActiveCfg = Release|Any CPU
		{95BD01AA-B062-42BB-9689-2D33EB8C6281}.Release|Any CPU.Build.0 = Release|Any CPU
		{12201E54-C95D-47A5-988E-539F6C0FF28B}.Debug|Any CPU.ActiveCfg = Debug|Any CPU
		{12201E54-C95D-47A5-988E-539F6C0FF28B}.Debug|Any CPU.Build.0 = Debug|Any CPU
		{12201E54-C95D-47A5-988E-539F6C0FF28B}.Release|Any CPU.ActiveCfg = Release|Any CPU
		{12201E54-C95D-47A5-988E-539F6C0FF28B}.Release|Any CPU.Build.0 = Release|Any CPU
	EndGlobalSection
	GlobalSection(SolutionProperties) = preSolution
		HideSolutionNode = FALSE
	EndGlobalSection
	GlobalSection(ExtensibilityGlobals) = postSolution
		SolutionGuid = {02084EF2-EFDB-48DB-9A39-6E2EF6EB6AFD}
	EndGlobalSection
EndGlobal
