
Microsoft Visual Studio Solution File, Format Version 12.00
# Visual Studio 15
VisualStudioVersion = 15.0.27004.2005
MinimumVisualStudioVersion = 10.0.40219.1
Project("{F2A71F9B-5D33-465A-A702-920D77279786}") = "PersistentTriangleCounting", "PersistentTriangleCounting\PersistentTriangleCounting.fsproj", "{4F7C1397-DADF-4500-A42D-B0E588172541}"
	ProjectSection(ProjectDependencies) = postProject
		{CEE37B23-243D-49C5-AB73-BB68F7E33729} = {CEE37B23-243D-49C5-AB73-BB68F7E33729}
		{FA3DACB7-5D1B-477A-9E40-7E7F761A334A} = {FA3DACB7-5D1B-477A-9E40-7E7F761A334A}
	EndProjectSection
EndProject
Project("{FAE04EC0-301F-11D3-BF4B-00C04F79EFBC}") = "EphemeralTriangleCounting", "EphemeralTriangleCounting\EphemeralTriangleCounting.csproj", "{672A19CD-E1E4-4F83-8D77-9EA7557BD749}"
	ProjectSection(ProjectDependencies) = postProject
		{CEE37B23-243D-49C5-AB73-BB68F7E33729} = {CEE37B23-243D-49C5-AB73-BB68F7E33729}
		{FA3DACB7-5D1B-477A-9E40-7E7F761A334A} = {FA3DACB7-5D1B-477A-9E40-7E7F761A334A}
	EndProjectSection
EndProject
Project("{F2A71F9B-5D33-465A-A702-920D77279786}") = "LinearAlgebra", "LinearAlgebra\LinearAlgebra.fsproj", "{CEE37B23-243D-49C5-AB73-BB68F7E33729}"
	ProjectSection(ProjectDependencies) = postProject
		{FA3DACB7-5D1B-477A-9E40-7E7F761A334A} = {FA3DACB7-5D1B-477A-9E40-7E7F761A334A}
	EndProjectSection
EndProject
Project("{F2A71F9B-5D33-465A-A702-920D77279786}") = "Utils", "Utils\Utils.fsproj", "{FA3DACB7-5D1B-477A-9E40-7E7F761A334A}"
EndProject
Global
	GlobalSection(SolutionConfigurationPlatforms) = preSolution
		Debug|Any CPU = Debug|Any CPU
		Release|Any CPU = Release|Any CPU
	EndGlobalSection
	GlobalSection(ProjectConfigurationPlatforms) = postSolution
		{4F7C1397-DADF-4500-A42D-B0E588172541}.Debug|Any CPU.ActiveCfg = Debug|Any CPU
		{4F7C1397-DADF-4500-A42D-B0E588172541}.Debug|Any CPU.Build.0 = Debug|Any CPU
		{4F7C1397-DADF-4500-A42D-B0E588172541}.Release|Any CPU.ActiveCfg = Release|Any CPU
		{4F7C1397-DADF-4500-A42D-B0E588172541}.Release|Any CPU.Build.0 = Release|Any CPU
		{672A19CD-E1E4-4F83-8D77-9EA7557BD749}.Debug|Any CPU.ActiveCfg = Debug|Any CPU
		{672A19CD-E1E4-4F83-8D77-9EA7557BD749}.Debug|Any CPU.Build.0 = Debug|Any CPU
		{672A19CD-E1E4-4F83-8D77-9EA7557BD749}.Release|Any CPU.ActiveCfg = Release|Any CPU
		{672A19CD-E1E4-4F83-8D77-9EA7557BD749}.Release|Any CPU.Build.0 = Release|Any CPU
		{CEE37B23-243D-49C5-AB73-BB68F7E33729}.Debug|Any CPU.ActiveCfg = Debug|Any CPU
		{CEE37B23-243D-49C5-AB73-BB68F7E33729}.Debug|Any CPU.Build.0 = Debug|Any CPU
		{CEE37B23-243D-49C5-AB73-BB68F7E33729}.Release|Any CPU.ActiveCfg = Release|Any CPU
		{CEE37B23-243D-49C5-AB73-BB68F7E33729}.Release|Any CPU.Build.0 = Release|Any CPU
		{FA3DACB7-5D1B-477A-9E40-7E7F761A334A}.Debug|Any CPU.ActiveCfg = Debug|Any CPU
		{FA3DACB7-5D1B-477A-9E40-7E7F761A334A}.Debug|Any CPU.Build.0 = Debug|Any CPU
		{FA3DACB7-5D1B-477A-9E40-7E7F761A334A}.Release|Any CPU.ActiveCfg = Release|Any CPU
		{FA3DACB7-5D1B-477A-9E40-7E7F761A334A}.Release|Any CPU.Build.0 = Release|Any CPU
	EndGlobalSection
	GlobalSection(SolutionProperties) = preSolution
		HideSolutionNode = FALSE
	EndGlobalSection
	GlobalSection(ExtensibilityGlobals) = postSolution
		SolutionGuid = {02084EF2-EFDB-48DB-9A39-6E2EF6EB6AFD}
	EndGlobalSection
EndGlobal
